
Microsoft Visual Studio Solution File, Format Version 12.00
# Visual Studio Version 17
VisualStudioVersion = 17.9.34723.18
MinimumVisualStudioVersion = 10.0.40219.1
Project("{FAE04EC0-301F-11D3-BF4B-00C04F79EFBC}") = "UiValidation", "UiValidation\UiValidation.csproj", "{88FC30DA-DAF6-4B78-81A0-4BC107409387}"
EndProject
Global
	GlobalSection(SolutionConfigurationPlatforms) = preSolution
		Debug|Any CPU = Debug|Any CPU
		Release|Any CPU = Release|Any CPU
	EndGlobalSection
	GlobalSection(ProjectConfigurationPlatforms) = postSolution
		{88FC30DA-DAF6-4B78-81A0-4BC107409387}.Debug|Any CPU.ActiveCfg = Debug|Any CPU
		{88FC30DA-DAF6-4B78-81A0-4BC107409387}.Debug|Any CPU.Build.0 = Debug|Any CPU
		{88FC30DA-DAF6-4B78-81A0-4BC107409387}.Release|Any CPU.ActiveCfg = Release|Any CPU
		{88FC30DA-DAF6-4B78-81A0-4BC107409387}.Release|Any CPU.Build.0 = Release|Any CPU
	EndGlobalSection
	GlobalSection(SolutionProperties) = preSolution
		HideSolutionNode = FALSE
	EndGlobalSection
	GlobalSection(ExtensibilityGlobals) = postSolution
		SolutionGuid = {1BA4C540-0290-4E62-814A-35E05A4D69FF}
	EndGlobalSection
EndGlobal
